
Microsoft Visual Studio Solution File, Format Version 12.00
# Visual Studio 14
VisualStudioVersion = 14.0.25420.1
MinimumVisualStudioVersion = 10.0.40219.1
Project("{FAE04EC0-301F-11D3-BF4B-00C04F79EFBC}") = "HR System", "HR System\HR System.csproj", "{3867AE7E-85F0-4F2F-BF21-DEE99289CDE7}"
EndProject
Project("{FAE04EC0-301F-11D3-BF4B-00C04F79EFBC}") = "HRMI01", "HRMI01\HRMI01.csproj", "{4F66788D-7A4C-4E57-B6FF-B3B5FB5A4F54}"
EndProject
Project("{FAE04EC0-301F-11D3-BF4B-00C04F79EFBC}") = "ClassForm", "ClassForm\ClassForm.csproj", "{67723F38-D4EF-4D6D-A895-B713B5501E3F}"
EndProject
Project("{FAE04EC0-301F-11D3-BF4B-00C04F79EFBC}") = "HRMI02", "HRMI02\HRMI02.csproj", "{8B8101A1-C551-480F-BC92-48F794C71904}"
EndProject
Project("{FAE04EC0-301F-11D3-BF4B-00C04F79EFBC}") = "HRMV01", "HRMV01\HRMV01.csproj", "{AE6404DE-293A-4D79-8765-23288483C191}"
EndProject
Project("{FAE04EC0-301F-11D3-BF4B-00C04F79EFBC}") = "HRMV02", "HRMV02\HRMV02.csproj", "{88F6C2F1-769A-45B3-9327-E224D2AA26C3}"
EndProject
Project("{54435603-DBB4-11D2-8724-00A0C9A8B90C}") = "HRM_System", "HRM_System\HRM_System.vdproj", "{CA656C5C-A0BE-4734-85DE-E5E31E96D2EA}"
EndProject
Project("{FAE04EC0-301F-11D3-BF4B-00C04F79EFBC}") = "HRM_Updater", "HRM_Updater\HRM_Updater.csproj", "{BD72F5A6-8831-429A-A8BD-BD39FCA16001}"
EndProject
Project("{FAE04EC0-301F-11D3-BF4B-00C04F79EFBC}") = "HRMB01", "HRMB01\HRMB01.csproj", "{6AE91CF4-6BD4-45FF-80D3-B8ACCC24C9D4}"
EndProject
Project("{FAE04EC0-301F-11D3-BF4B-00C04F79EFBC}") = "Sharefc", "Sharefc\Sharefc.csproj", "{57F85CAB-1178-49C3-8A29-2DB040E48E76}"
EndProject
Project("{FAE04EC0-301F-11D3-BF4B-00C04F79EFBC}") = "HRMI03", "HRMI03\HRMI03.csproj", "{4D9385A1-C011-4BB9-83F5-9EC02734B8DA}"
EndProject
Project("{FAE04EC0-301F-11D3-BF4B-00C04F79EFBC}") = "HRMI04", "HRMI04\HRMI04.csproj", "{100B79A2-0D4F-4DFD-8A39-131DFAE23DE5}"
EndProject
Project("{54435603-DBB4-11D2-8724-00A0C9A8B90C}") = "HRM_Setup", "HRM_Setup\HRM_Setup.vdproj", "{25D237D3-5A67-4669-88A7-330190079FD3}"
EndProject
Global
	GlobalSection(SolutionConfigurationPlatforms) = preSolution
		Debug|Any CPU = Debug|Any CPU
		Release|Any CPU = Release|Any CPU
	EndGlobalSection
	GlobalSection(ProjectConfigurationPlatforms) = postSolution
		{3867AE7E-85F0-4F2F-BF21-DEE99289CDE7}.Debug|Any CPU.ActiveCfg = Debug|Any CPU
		{3867AE7E-85F0-4F2F-BF21-DEE99289CDE7}.Debug|Any CPU.Build.0 = Debug|Any CPU
		{3867AE7E-85F0-4F2F-BF21-DEE99289CDE7}.Release|Any CPU.ActiveCfg = Release|Any CPU
		{3867AE7E-85F0-4F2F-BF21-DEE99289CDE7}.Release|Any CPU.Build.0 = Release|Any CPU
		{4F66788D-7A4C-4E57-B6FF-B3B5FB5A4F54}.Debug|Any CPU.ActiveCfg = Debug|Any CPU
		{4F66788D-7A4C-4E57-B6FF-B3B5FB5A4F54}.Debug|Any CPU.Build.0 = Debug|Any CPU
		{4F66788D-7A4C-4E57-B6FF-B3B5FB5A4F54}.Release|Any CPU.ActiveCfg = Release|Any CPU
		{4F66788D-7A4C-4E57-B6FF-B3B5FB5A4F54}.Release|Any CPU.Build.0 = Release|Any CPU
		{67723F38-D4EF-4D6D-A895-B713B5501E3F}.Debug|Any CPU.ActiveCfg = Debug|Any CPU
		{67723F38-D4EF-4D6D-A895-B713B5501E3F}.Debug|Any CPU.Build.0 = Debug|Any CPU
		{67723F38-D4EF-4D6D-A895-B713B5501E3F}.Release|Any CPU.ActiveCfg = Release|Any CPU
		{67723F38-D4EF-4D6D-A895-B713B5501E3F}.Release|Any CPU.Build.0 = Release|Any CPU
		{8B8101A1-C551-480F-BC92-48F794C71904}.Debug|Any CPU.ActiveCfg = Debug|Any CPU
		{8B8101A1-C551-480F-BC92-48F794C71904}.Debug|Any CPU.Build.0 = Debug|Any CPU
		{8B8101A1-C551-480F-BC92-48F794C71904}.Release|Any CPU.ActiveCfg = Release|Any CPU
		{8B8101A1-C551-480F-BC92-48F794C71904}.Release|Any CPU.Build.0 = Release|Any CPU
		{AE6404DE-293A-4D79-8765-23288483C191}.Debug|Any CPU.ActiveCfg = Debug|Any CPU
		{AE6404DE-293A-4D79-8765-23288483C191}.Debug|Any CPU.Build.0 = Debug|Any CPU
		{AE6404DE-293A-4D79-8765-23288483C191}.Release|Any CPU.ActiveCfg = Release|Any CPU
		{AE6404DE-293A-4D79-8765-23288483C191}.Release|Any CPU.Build.0 = Release|Any CPU
		{88F6C2F1-769A-45B3-9327-E224D2AA26C3}.Debug|Any CPU.ActiveCfg = Debug|Any CPU
		{88F6C2F1-769A-45B3-9327-E224D2AA26C3}.Debug|Any CPU.Build.0 = Debug|Any CPU
		{88F6C2F1-769A-45B3-9327-E224D2AA26C3}.Release|Any CPU.ActiveCfg = Release|Any CPU
		{88F6C2F1-769A-45B3-9327-E224D2AA26C3}.Release|Any CPU.Build.0 = Release|Any CPU
		{CA656C5C-A0BE-4734-85DE-E5E31E96D2EA}.Debug|Any CPU.ActiveCfg = Debug
		{CA656C5C-A0BE-4734-85DE-E5E31E96D2EA}.Release|Any CPU.ActiveCfg = Release
		{BD72F5A6-8831-429A-A8BD-BD39FCA16001}.Debug|Any CPU.ActiveCfg = Debug|Any CPU
		{BD72F5A6-8831-429A-A8BD-BD39FCA16001}.Debug|Any CPU.Build.0 = Debug|Any CPU
		{BD72F5A6-8831-429A-A8BD-BD39FCA16001}.Release|Any CPU.ActiveCfg = Release|Any CPU
		{BD72F5A6-8831-429A-A8BD-BD39FCA16001}.Release|Any CPU.Build.0 = Release|Any CPU
		{6AE91CF4-6BD4-45FF-80D3-B8ACCC24C9D4}.Debug|Any CPU.ActiveCfg = Debug|Any CPU
		{6AE91CF4-6BD4-45FF-80D3-B8ACCC24C9D4}.Debug|Any CPU.Build.0 = Debug|Any CPU
		{6AE91CF4-6BD4-45FF-80D3-B8ACCC24C9D4}.Release|Any CPU.ActiveCfg = Release|Any CPU
		{6AE91CF4-6BD4-45FF-80D3-B8ACCC24C9D4}.Release|Any CPU.Build.0 = Release|Any CPU
		{57F85CAB-1178-49C3-8A29-2DB040E48E76}.Debug|Any CPU.ActiveCfg = Debug|Any CPU
		{57F85CAB-1178-49C3-8A29-2DB040E48E76}.Debug|Any CPU.Build.0 = Debug|Any CPU
		{57F85CAB-1178-49C3-8A29-2DB040E48E76}.Release|Any CPU.ActiveCfg = Release|Any CPU
		{57F85CAB-1178-49C3-8A29-2DB040E48E76}.Release|Any CPU.Build.0 = Release|Any CPU
		{4D9385A1-C011-4BB9-83F5-9EC02734B8DA}.Debug|Any CPU.ActiveCfg = Debug|Any CPU
		{4D9385A1-C011-4BB9-83F5-9EC02734B8DA}.Debug|Any CPU.Build.0 = Debug|Any CPU
		{4D9385A1-C011-4BB9-83F5-9EC02734B8DA}.Release|Any CPU.ActiveCfg = Release|Any CPU
		{4D9385A1-C011-4BB9-83F5-9EC02734B8DA}.Release|Any CPU.Build.0 = Release|Any CPU
		{100B79A2-0D4F-4DFD-8A39-131DFAE23DE5}.Debug|Any CPU.ActiveCfg = Debug|Any CPU
		{100B79A2-0D4F-4DFD-8A39-131DFAE23DE5}.Debug|Any CPU.Build.0 = Debug|Any CPU
		{100B79A2-0D4F-4DFD-8A39-131DFAE23DE5}.Release|Any CPU.ActiveCfg = Release|Any CPU
		{100B79A2-0D4F-4DFD-8A39-131DFAE23DE5}.Release|Any CPU.Build.0 = Release|Any CPU
		{25D237D3-5A67-4669-88A7-330190079FD3}.Debug|Any CPU.ActiveCfg = Debug
		{25D237D3-5A67-4669-88A7-330190079FD3}.Release|Any CPU.ActiveCfg = Release
	EndGlobalSection
	GlobalSection(SolutionProperties) = preSolution
		HideSolutionNode = FALSE
	EndGlobalSection
EndGlobal
